
Microsoft Visual Studio Solution File, Format Version 12.00
# Visual Studio Version 16
VisualStudioVersion = 16.0.29102.190
MinimumVisualStudioVersion = 10.0.40219.1
Project("{FAE04EC0-301F-11D3-BF4B-00C04F79EFBC}") = "考勤调整", "考勤调整\考勤调整.csproj", "{953BDC63-403E-4E22-9993-8F4F509A4649}"
EndProject
Project("{FAE04EC0-301F-11D3-BF4B-00C04F79EFBC}") = "CheckDb", "CheckDb\CheckDb.csproj", "{63B33A01-6638-4B90-9078-DCABA7165CEA}"
EndProject
Global
	GlobalSection(SolutionConfigurationPlatforms) = preSolution
		Debug|Any CPU = Debug|Any CPU
		Release|Any CPU = Release|Any CPU
	EndGlobalSection
	GlobalSection(ProjectConfigurationPlatforms) = postSolution
		{953BDC63-403E-4E22-9993-8F4F509A4649}.Debug|Any CPU.ActiveCfg = Debug|Any CPU
		{953BDC63-403E-4E22-9993-8F4F509A4649}.Debug|Any CPU.Build.0 = Debug|Any CPU
		{953BDC63-403E-4E22-9993-8F4F509A4649}.Release|Any CPU.ActiveCfg = Release|Any CPU
		{953BDC63-403E-4E22-9993-8F4F509A4649}.Release|Any CPU.Build.0 = Release|Any CPU
		{63B33A01-6638-4B90-9078-DCABA7165CEA}.Debug|Any CPU.ActiveCfg = Debug|Any CPU
		{63B33A01-6638-4B90-9078-DCABA7165CEA}.Debug|Any CPU.Build.0 = Debug|Any CPU
		{63B33A01-6638-4B90-9078-DCABA7165CEA}.Release|Any CPU.ActiveCfg = Release|Any CPU
		{63B33A01-6638-4B90-9078-DCABA7165CEA}.Release|Any CPU.Build.0 = Release|Any CPU
	EndGlobalSection
	GlobalSection(SolutionProperties) = preSolution
		HideSolutionNode = FALSE
	EndGlobalSection
	GlobalSection(ExtensibilityGlobals) = postSolution
		SolutionGuid = {F344BD6B-D62E-420E-8F05-2A49C1D14F5F}
	EndGlobalSection
EndGlobal
